github.com/pkg/errors v0.8.1 h1:iURUrRGxPUNPdy5/HRSm+Yj6okJ6UtLINN0Q9M4+h3I=
github.com/pkg/errors v0.8.1/go.mod h1:bwawxfHBFNV+L2hUp1rHADufV3IMtnDRdf1r5NINEl0=
github.com/roberveral/gophercises/link v0.0.0-20190112150810-c4ad927b2f70 h1:JJ51mRSQ3qM+AZ29dt+LNbqRYAwr43rakQzAWdFfst8=
github.com/roberveral/gophercises/link v0.0.0-20190112150810-c4ad927b2f70/go.mod h1:qSe2FP7D+4mVqKPKe1j2xVfqs1WICkAPKS5kucn10v4=
golang.org/x/net v0.0.0-20190110200230-915654e7eabc h1:Yx9JGxI1SBhVLFjpAkWMaO1TF+xyqtHLjZpvQboJGiM=
golang.org/x/net v0.0.0-20190110200230-915654e7eabc/go.mod h1:mL1N/T3taQHkDXs73rZJwtUhF3w3ftmwwsq0BUmARs4=
